
Microsoft Visual Studio Solution File, Format Version 12.00
# Visual Studio 2012
Project("{FAE04EC0-301F-11D3-BF4B-00C04F79EFBC}") = "Mapper", "Mapper\Mapper.csproj", "{799B0F01-CE10-4FBE-A310-9CF7FCCBC378}"
EndProject
Project("{FAE04EC0-301F-11D3-BF4B-00C04F79EFBC}") = "DatabaseImporterWebService", "D:\Work\Navitas\Naiton\svn\NaitonProject2014\NaitonWebServices\DatabaseImporterWebService\DatabaseImporterWebService.csproj", "{D159720E-476C-4F9C-A8F7-735B2853F105}"
EndProject
Project("{FAE04EC0-301F-11D3-BF4B-00C04F79EFBC}") = "WebServiceUtils", "D:\Work\Navitas\Naiton\svn\NaitonProject2014\NaitonWebServices\Utils\WebServiceUtils.csproj", "{F2F50A54-A3CD-4E49-80AC-0E1A8479ADCC}"
EndProject
Global
	GlobalSection(SolutionConfigurationPlatforms) = preSolution
		Debug|Any CPU = Debug|Any CPU
		Debug|Mixed Platforms = Debug|Mixed Platforms
		Release|Any CPU = Release|Any CPU
		Release|Mixed Platforms = Release|Mixed Platforms
	EndGlobalSection
	GlobalSection(ProjectConfigurationPlatforms) = postSolution
		{799B0F01-CE10-4FBE-A310-9CF7FCCBC378}.Debug|Any CPU.ActiveCfg = Debug|Any CPU
		{799B0F01-CE10-4FBE-A310-9CF7FCCBC378}.Debug|Any CPU.Build.0 = Debug|Any CPU
		{799B0F01-CE10-4FBE-A310-9CF7FCCBC378}.Debug|Mixed Platforms.ActiveCfg = Debug|Any CPU
		{799B0F01-CE10-4FBE-A310-9CF7FCCBC378}.Debug|Mixed Platforms.Build.0 = Debug|Any CPU
		{799B0F01-CE10-4FBE-A310-9CF7FCCBC378}.Release|Any CPU.ActiveCfg = Release|Any CPU
		{799B0F01-CE10-4FBE-A310-9CF7FCCBC378}.Release|Any CPU.Build.0 = Release|Any CPU
		{799B0F01-CE10-4FBE-A310-9CF7FCCBC378}.Release|Mixed Platforms.ActiveCfg = Release|Any CPU
		{799B0F01-CE10-4FBE-A310-9CF7FCCBC378}.Release|Mixed Platforms.Build.0 = Release|Any CPU
		{D159720E-476C-4F9C-A8F7-735B2853F105}.Debug|Any CPU.ActiveCfg = Debug|Any CPU
		{D159720E-476C-4F9C-A8F7-735B2853F105}.Debug|Any CPU.Build.0 = Debug|Any CPU
		{D159720E-476C-4F9C-A8F7-735B2853F105}.Debug|Mixed Platforms.ActiveCfg = Debug|Any CPU
		{D159720E-476C-4F9C-A8F7-735B2853F105}.Debug|Mixed Platforms.Build.0 = Debug|Any CPU
		{D159720E-476C-4F9C-A8F7-735B2853F105}.Release|Any CPU.ActiveCfg = Release|Any CPU
		{D159720E-476C-4F9C-A8F7-735B2853F105}.Release|Any CPU.Build.0 = Release|Any CPU
		{D159720E-476C-4F9C-A8F7-735B2853F105}.Release|Mixed Platforms.ActiveCfg = Release|Any CPU
		{D159720E-476C-4F9C-A8F7-735B2853F105}.Release|Mixed Platforms.Build.0 = Release|Any CPU
		{F2F50A54-A3CD-4E49-80AC-0E1A8479ADCC}.Debug|Any CPU.ActiveCfg = Debug|Any CPU
		{F2F50A54-A3CD-4E49-80AC-0E1A8479ADCC}.Debug|Any CPU.Build.0 = Debug|Any CPU
		{F2F50A54-A3CD-4E49-80AC-0E1A8479ADCC}.Debug|Mixed Platforms.ActiveCfg = Debug|Any CPU
		{F2F50A54-A3CD-4E49-80AC-0E1A8479ADCC}.Debug|Mixed Platforms.Build.0 = Debug|Any CPU
		{F2F50A54-A3CD-4E49-80AC-0E1A8479ADCC}.Release|Any CPU.ActiveCfg = Release|Any CPU
		{F2F50A54-A3CD-4E49-80AC-0E1A8479ADCC}.Release|Any CPU.Build.0 = Release|Any CPU
		{F2F50A54-A3CD-4E49-80AC-0E1A8479ADCC}.Release|Mixed Platforms.ActiveCfg = Release|Any CPU
		{F2F50A54-A3CD-4E49-80AC-0E1A8479ADCC}.Release|Mixed Platforms.Build.0 = Release|Any CPU
	EndGlobalSection
	GlobalSection(SolutionProperties) = preSolution
		HideSolutionNode = FALSE
	EndGlobalSection
EndGlobal
